
Microsoft Visual Studio Solution File, Format Version 12.00
# Visual Studio Version 17
VisualStudioVersion = 17.1.32210.238
MinimumVisualStudioVersion = 10.0.40219.1
Project("{FAE04EC0-301F-11D3-BF4B-00C04F79EFBC}") = "BottleTracking-API", "BottleTracking-API\BottleTracking-API.csproj", "{AA4ECCA8-4562-427F-8F4C-E94D354FA1CA}"
EndProject
Global
	GlobalSection(SolutionConfigurationPlatforms) = preSolution
		Debug|Any CPU = Debug|Any CPU
		Release|Any CPU = Release|Any CPU
	EndGlobalSection
	GlobalSection(ProjectConfigurationPlatforms) = postSolution
		{AA4ECCA8-4562-427F-8F4C-E94D354FA1CA}.Debug|Any CPU.ActiveCfg = Debug|Any CPU
		{AA4ECCA8-4562-427F-8F4C-E94D354FA1CA}.Debug|Any CPU.Build.0 = Debug|Any CPU
		{AA4ECCA8-4562-427F-8F4C-E94D354FA1CA}.Release|Any CPU.ActiveCfg = Release|Any CPU
		{AA4ECCA8-4562-427F-8F4C-E94D354FA1CA}.Release|Any CPU.Build.0 = Release|Any CPU
	EndGlobalSection
	GlobalSection(SolutionProperties) = preSolution
		HideSolutionNode = FALSE
	EndGlobalSection
	GlobalSection(ExtensibilityGlobals) = postSolution
		SolutionGuid = {2361BA77-809D-4D78-9717-B512D604D4A1}
	EndGlobalSection
EndGlobal
